
Microsoft Visual Studio Solution File, Format Version 12.00
# Visual Studio Version 17
VisualStudioVersion = 17.9.34607.119
MinimumVisualStudioVersion = 10.0.40219.1
Project("{FAE04EC0-301F-11D3-BF4B-00C04F79EFBC}") = "MVCFeedback", "MVCFeedback\MVCFeedback.csproj", "{638F3CE0-270C-44BF-A17F-F92F4B942127}"
EndProject
Project("{FAE04EC0-301F-11D3-BF4B-00C04F79EFBC}") = "MVCFeedback.Data", "MVCFeedback.Data\MVCFeedback.Data.csproj", "{4CE7C9B2-C9A3-4D12-A8EB-9D898E682955}"
EndProject
Global
	GlobalSection(SolutionConfigurationPlatforms) = preSolution
		Debug|Any CPU = Debug|Any CPU
		Release|Any CPU = Release|Any CPU
	EndGlobalSection
	GlobalSection(ProjectConfigurationPlatforms) = postSolution
		{638F3CE0-270C-44BF-A17F-F92F4B942127}.Debug|Any CPU.ActiveCfg = Debug|Any CPU
		{638F3CE0-270C-44BF-A17F-F92F4B942127}.Debug|Any CPU.Build.0 = Debug|Any CPU
		{638F3CE0-270C-44BF-A17F-F92F4B942127}.Release|Any CPU.ActiveCfg = Release|Any CPU
		{638F3CE0-270C-44BF-A17F-F92F4B942127}.Release|Any CPU.Build.0 = Release|Any CPU
		{4CE7C9B2-C9A3-4D12-A8EB-9D898E682955}.Debug|Any CPU.ActiveCfg = Debug|Any CPU
		{4CE7C9B2-C9A3-4D12-A8EB-9D898E682955}.Debug|Any CPU.Build.0 = Debug|Any CPU
		{4CE7C9B2-C9A3-4D12-A8EB-9D898E682955}.Release|Any CPU.ActiveCfg = Release|Any CPU
		{4CE7C9B2-C9A3-4D12-A8EB-9D898E682955}.Release|Any CPU.Build.0 = Release|Any CPU
	EndGlobalSection
	GlobalSection(SolutionProperties) = preSolution
		HideSolutionNode = FALSE
	EndGlobalSection
	GlobalSection(ExtensibilityGlobals) = postSolution
		SolutionGuid = {14889B2C-CBFB-44E4-AAEE-5157DACECF69}
	EndGlobalSection
EndGlobal
